{
  "version": 4,
  "terraform_version": "1.13.4",
  "serial": 1,
  "lineage": "30ac23d7-14be-ef5a-dc65-1bb036fa865a",
  "outputs": {},
  "resources": [
    {
      "mode": "managed",
      "type": "docker_image",
      "name": "app_image",
      "provider": "provider[\"registry.terraform.io/kreuzwerker/docker\"]",
      "instances": [
        {
          "schema_version": 0,
          "attributes": {
            "build": [],
            "force_remove": null,
            "id": "sha256:7e28733a053c1b2e795e38012a6555b5eaece178a905bf292ce6048417940453ghcr.io/dineshm22/devops-project:latest",
            "image_id": "sha256:7e28733a053c1b2e795e38012a6555b5eaece178a905bf292ce6048417940453",
            "keep_locally": true,
            "name": "ghcr.io/dineshm22/devops-project:latest",
            "platform": null,
            "pull_triggers": null,
            "repo_digest": "ghcr.io/dineshm22/devops-project@sha256:7e28733a053c1b2e795e38012a6555b5eaece178a905bf292ce6048417940453",
            "triggers": null
          },
          "sensitive_attributes": [],
          "identity_schema_version": 0,
          "private": "bnVsbA=="
        }
      ]
    }
  ],
  "check_results": null
}
